{
    "name": "stellar-ui-plus",
    "version": "1.12.0",
    "lockfileVersion": 3,
    "requires": true,
    "packages": {
        "": {
            "name": "stellar-ui-plus",
            "version": "1.12.0",
            "license": "ISC",
            "dependencies": {
                "dayjs": "^1.11.11"
            }
        },
        "node_modules/dayjs": {
            "version": "1.11.11",
            "resolved": "http://172.16.109.59:8010/repository/npm-group/dayjs/-/dayjs-1.11.11.tgz",
            "integrity": "sha512-okzr3f11N6WuqYtZSvm+F776mB41wRZMhKP+hc34YdW+KmtYYK9iqvHSwo2k9FEH3fhGXvOPV6yz2IcSrfRUDg=="
        }
    }
}
